{
    "_meta": {
        "hash": {
            "sha256": "28450da58083805b54972fc613d8a7d1bab15a88b7dad0a48bac6ab3dff8be0c"
        },
        "pipfile-spec": 6,
        "requires": {
            "python_version": "3"
        },
        "sources": [
            {
                "name": "pypi",
                "url": "https://pypi.org/simple",
                "verify_ssl": true
            }
        ]
    },
    "default": {
        "attrs": {
            "hashes": [
                "sha256:31b2eced602aa8423c2aea9c76a724617ed67cf9513173fd3a4f03e3a929c7e6",
                "sha256:832aa3cde19744e49938b91fea06d69ecb9e649c93ba974535d08ad92164f700"
            ],
            "markers": "python_version >= '2.7' and python_version not in '3.0, 3.1, 3.2, 3.3'",
            "version": "==20.3.0"
        },
        "cattrs": {
            "hashes": [
                "sha256:967ce8f99b79f112a500fc03d02c4da669966055ea190b0c59a023af0ae33e5f",
                "sha256:a5873cd4745a74388557730247b4bb005d762f8aba0ab7aa55bcbd190bdf3322"
            ],
            "markers": "python_version >= '3.7'",
            "version": "==1.1.2"
        },
        "cdktf": {
            "hashes": [
                "sha256:9a5a6c8c5aac98733e1d1a186fca3dbb3f73a0988406eafdc00150f216e7fc66",
                "sha256:ed898abbf7251f41c63000bc6ca7a6c2faf6692e8cdc0d7c5915ef2c9c386e58"
            ],
            "index": "pypi",
            "version": "==0.1.0"
        },
        "constructs": {
            "hashes": [
                "sha256:09d6defcfc3eefc6df9e5c357d15073e4ab661016bd51cbc7b1dea9e14bb8c02",
                "sha256:5833ab952734583471b939b8e5a427cfedd423ba99d528094e6aa729fc502f5b"
            ],
            "markers": "python_version >= '3.6'",
            "version": "==3.3.22"
        },
        "jsii": {
            "hashes": [
                "sha256:4b2ecc48d0b591c35d1081e36d204fb4ede6acbe479b5635a1c176dce7ab439a",
                "sha256:8a2fff89176c22f3059a7079802278dd1f6a6df53bcca3e003d782af1b58f842"
            ],
            "markers": "python_version ~= '3.6'",
            "version": "==1.21.0"
        },
        "publication": {
            "hashes": [
                "sha256:0248885351febc11d8a1098d5c8e3ab2dabcf3e8c0c96db1e17ecd12b53afbe6",
                "sha256:68416a0de76dddcdd2930d1c8ef853a743cc96c82416c4e4d3b5d901c6276dc4"
            ],
            "version": "==0.0.3"
        },
        "python-dateutil": {
            "hashes": [
                "sha256:73ebfe9dbf22e832286dafa60473e4cd239f8592f699aa5adaf10050e6e1823c",
                "sha256:75bb3f31ea686f1197762692a9ee6a7550b59fc6ca3a1f4b5d7e32fb98e2da2a"
            ],
            "markers": "python_version >= '2.7' and python_version not in '3.0, 3.1, 3.2, 3.3'",
            "version": "==2.8.1"
        },
        "six": {
            "hashes": [
                "sha256:30639c035cdb23534cd4aa2dd52c3bf48f06e5f4a941509c8bafd8ce11080259",
                "sha256:8b74bedcbbbaca38ff6d7491d76f2b06b3592611af620f8426e82dddb04a5ced"
            ],
            "markers": "python_version >= '2.7' and python_version not in '3.0, 3.1, 3.2, 3.3'",
            "version": "==1.15.0"
        },
        "typing-extensions": {
            "hashes": [
                "sha256:7cb407020f00f7bfc3cb3e7881628838e69d8f3fcab2f64742a5e76b2f841918",
                "sha256:99d4073b617d30288f569d3f13d2bd7548c3a7e4c8de87db09a9d29bb3a4a60c",
                "sha256:dafc7639cde7f1b6e1acc0f457842a83e722ccca8eef5270af2d74792619a89f"
            ],
            "version": "==3.7.4.3"
        }
    },
    "develop": {}
}
